
Microsoft Visual Studio Solution File, Format Version 12.00
# Visual Studio Version 17
VisualStudioVersion = 17.9.34728.123
MinimumVisualStudioVersion = 10.0.40219.1
Project("{FAE04EC0-301F-11D3-BF4B-00C04F79EFBC}") = "PresentationLayer", "..\PresentationLayer\PresentationLayer.csproj", "{2AFA94B4-083B-412C-BD96-EE403D4E4CAF}"
EndProject
Project("{FAE04EC0-301F-11D3-BF4B-00C04F79EFBC}") = "BuissnessLogicLayer", "..\BuissnessLogicLayer\BuissnessLogicLayer.csproj", "{A4F11F47-95FD-41C3-A1EA-2556E0CAF186}"
EndProject
Project("{FAE04EC0-301F-11D3-BF4B-00C04F79EFBC}") = "DataAccessLayer", "..\DataAccessLayer\DataAccessLayer.csproj", "{84273876-BB05-4871-B503-0DA6A972BE33}"
EndProject
Global
	GlobalSection(SolutionConfigurationPlatforms) = preSolution
		Debug|Any CPU = Debug|Any CPU
		Release|Any CPU = Release|Any CPU
	EndGlobalSection
	GlobalSection(ProjectConfigurationPlatforms) = postSolution
		{2AFA94B4-083B-412C-BD96-EE403D4E4CAF}.Debug|Any CPU.ActiveCfg = Debug|Any CPU
		{2AFA94B4-083B-412C-BD96-EE403D4E4CAF}.Debug|Any CPU.Build.0 = Debug|Any CPU
		{2AFA94B4-083B-412C-BD96-EE403D4E4CAF}.Release|Any CPU.ActiveCfg = Release|Any CPU
		{2AFA94B4-083B-412C-BD96-EE403D4E4CAF}.Release|Any CPU.Build.0 = Release|Any CPU
		{A4F11F47-95FD-41C3-A1EA-2556E0CAF186}.Debug|Any CPU.ActiveCfg = Debug|Any CPU
		{A4F11F47-95FD-41C3-A1EA-2556E0CAF186}.Debug|Any CPU.Build.0 = Debug|Any CPU
		{A4F11F47-95FD-41C3-A1EA-2556E0CAF186}.Release|Any CPU.ActiveCfg = Release|Any CPU
		{A4F11F47-95FD-41C3-A1EA-2556E0CAF186}.Release|Any CPU.Build.0 = Release|Any CPU
		{84273876-BB05-4871-B503-0DA6A972BE33}.Debug|Any CPU.ActiveCfg = Debug|Any CPU
		{84273876-BB05-4871-B503-0DA6A972BE33}.Debug|Any CPU.Build.0 = Debug|Any CPU
		{84273876-BB05-4871-B503-0DA6A972BE33}.Release|Any CPU.ActiveCfg = Release|Any CPU
		{84273876-BB05-4871-B503-0DA6A972BE33}.Release|Any CPU.Build.0 = Release|Any CPU
	EndGlobalSection
	GlobalSection(SolutionProperties) = preSolution
		HideSolutionNode = FALSE
	EndGlobalSection
	GlobalSection(ExtensibilityGlobals) = postSolution
		SolutionGuid = {8E36FDB6-0FB3-4CAC-A9C3-D4E307356681}
	EndGlobalSection
EndGlobal
